
Microsoft Visual Studio Solution File, Format Version 12.00
# Visual Studio Version 16
VisualStudioVersion = 16.0.31911.196
MinimumVisualStudioVersion = 10.0.40219.1
Project("{FAE04EC0-301F-11D3-BF4B-00C04F79EFBC}") = "ConsoleAppClass", "ConsoleAppClass\ConsoleAppClass.csproj", "{E46AC768-A331-4188-9F0F-433887979665}"
EndProject
Project("{2150E333-8FDC-42A3-9474-1A3956D46DE8}") = "Solution Items", "Solution Items", "{5A1E1EA5-B00F-4D90-9518-2736B57C5780}"
EndProject
Global
	GlobalSection(SolutionConfigurationPlatforms) = preSolution
		Debug|Any CPU = Debug|Any CPU
		Release|Any CPU = Release|Any CPU
	EndGlobalSection
	GlobalSection(ProjectConfigurationPlatforms) = postSolution
		{E46AC768-A331-4188-9F0F-433887979665}.Debug|Any CPU.ActiveCfg = Debug|Any CPU
		{E46AC768-A331-4188-9F0F-433887979665}.Debug|Any CPU.Build.0 = Debug|Any CPU
		{E46AC768-A331-4188-9F0F-433887979665}.Release|Any CPU.ActiveCfg = Release|Any CPU
		{E46AC768-A331-4188-9F0F-433887979665}.Release|Any CPU.Build.0 = Release|Any CPU
	EndGlobalSection
	GlobalSection(SolutionProperties) = preSolution
		HideSolutionNode = FALSE
	EndGlobalSection
	GlobalSection(ExtensibilityGlobals) = postSolution
		SolutionGuid = {45EE5B78-CD4C-4CB8-96BE-5FA02A22C4B3}
	EndGlobalSection
EndGlobal
